
Microsoft Visual Studio Solution File, Format Version 12.00
Project("{FAE04EC0-301F-11D3-BF4B-00C04F79EFBC}") = "VRCZ.Desktop", "VRCZ.Desktop\VRCZ.Desktop.csproj", "{28753F87-F5C2-4465-9A7F-4C940457EEE5}"
EndProject
Project("{FAE04EC0-301F-11D3-BF4B-00C04F79EFBC}") = "VRCZ.Core", "VRCZ.Core\VRCZ.Core.csproj", "{94D7BF94-38C2-4E54-AA93-1457D8321C24}"
EndProject
Project("{FAE04EC0-301F-11D3-BF4B-00C04F79EFBC}") = "VRCZ.VRChatApi.Generated", "VRCZ.VRChatApi.Generated\VRCZ.VRChatApi.Generated.csproj", "{15ADA338-74B7-4FDB-9CA3-55A9A2915F48}"
EndProject
Global
	GlobalSection(SolutionConfigurationPlatforms) = preSolution
		Debug|Any CPU = Debug|Any CPU
		Release|Any CPU = Release|Any CPU
	EndGlobalSection
	GlobalSection(ProjectConfigurationPlatforms) = postSolution
		{28753F87-F5C2-4465-9A7F-4C940457EEE5}.Debug|Any CPU.ActiveCfg = Debug|Any CPU
		{28753F87-F5C2-4465-9A7F-4C940457EEE5}.Debug|Any CPU.Build.0 = Debug|Any CPU
		{28753F87-F5C2-4465-9A7F-4C940457EEE5}.Release|Any CPU.ActiveCfg = Release|Any CPU
		{28753F87-F5C2-4465-9A7F-4C940457EEE5}.Release|Any CPU.Build.0 = Release|Any CPU
		{94D7BF94-38C2-4E54-AA93-1457D8321C24}.Debug|Any CPU.ActiveCfg = Debug|Any CPU
		{94D7BF94-38C2-4E54-AA93-1457D8321C24}.Debug|Any CPU.Build.0 = Debug|Any CPU
		{94D7BF94-38C2-4E54-AA93-1457D8321C24}.Release|Any CPU.ActiveCfg = Release|Any CPU
		{94D7BF94-38C2-4E54-AA93-1457D8321C24}.Release|Any CPU.Build.0 = Release|Any CPU
		{15ADA338-74B7-4FDB-9CA3-55A9A2915F48}.Debug|Any CPU.ActiveCfg = Debug|Any CPU
		{15ADA338-74B7-4FDB-9CA3-55A9A2915F48}.Debug|Any CPU.Build.0 = Debug|Any CPU
		{15ADA338-74B7-4FDB-9CA3-55A9A2915F48}.Release|Any CPU.ActiveCfg = Release|Any CPU
		{15ADA338-74B7-4FDB-9CA3-55A9A2915F48}.Release|Any CPU.Build.0 = Release|Any CPU
	EndGlobalSection
EndGlobal
